// !$*UTF8*$!
{
	archiveVersion = 1;
	classes = {
	};
	objectVersion = 50;
	objects = {

/* Begin PBXBuildFile section */
		CE4D74E924C148EB00E8DA96 /* AppDelegate.swift in Sources */ = {isa = PBXBuildFile; fileRef = CE4D74E824C148EB00E8DA96 /* AppDelegate.swift */; };
		CE4D74EB24C148EB00E8DA96 /* SceneDelegate.swift in Sources */ = {isa = PBXBuildFile; fileRef = CE4D74EA24C148EB00E8DA96 /* SceneDelegate.swift */; };
		CE4D74ED24C148EB00E8DA96 /* ViewController.swift in Sources */ = {isa = PBXBuildFile; fileRef = CE4D74EC24C148EB00E8DA96 /* ViewController.swift */; };
		CE4D74F024C148EB00E8DA96 /* Main.storyboard in Resources */ = {isa = PBXBuildFile; fileRef = CE4D74EE24C148EB00E8DA96 /* Main.storyboard */; };
		CE4D74F324C148EB00E8DA96 /* CoreDataTest.xcdatamodeld in Sources */ = {isa = PBXBuildFile; fileRef = CE4D74F124C148EB00E8DA96 /* CoreDataTest.xcdatamodeld */; };
		CE4D74F524C148EE00E8DA96 /* Assets.xcassets in Resources */ = {isa = PBXBuildFile; fileRef = CE4D74F424C148EE00E8DA96 /* Assets.xcassets */; };
		CE4D74F824C148EE00E8DA96 /* LaunchScreen.storyboard in Resources */ = {isa = PBXBuildFile; fileRef = CE4D74F624C148EE00E8DA96 /* LaunchScreen.storyboard */; };
/* End PBXBuildFile section */

/* Begin PBXFileReference section */
		CE4D74E524C148EB00E8DA96 /* CoreDataTest.app */ = {isa = PBXFileReference; explicitFileType = wrapper.application; includeInIndex = 0; path = CoreDataTest.app; sourceTree = BUILT_PRODUCTS_DIR; };
		CE4D74E824C148EB00E8DA96 /* AppDelegate.swift */ = {isa = PBXFileReference; lastKnownFileType = sourcecode.swift; path = AppDelegate.swift; sourceTree = "<group>"; };
		CE4D74EA24C148EB00E8DA96 /* SceneDelegate.swift */ = {isa = PBXFileReference; lastKnownFileType = sourcecode.swift; path = SceneDelegate.swift; sourceTree = "<group>"; };
		CE4D74EC24C148EB00E8DA96 /* ViewController.swift */ = {isa = PBXFileReference; lastKnownFileType = sourcecode.swift; path = ViewController.swift; sourceTree = "<group>"; };
		CE4D74EF24C148EB00E8DA96 /* Base */ = {isa = PBXFileReference; lastKnownFileType = file.storyboard; name = Base; path = Base.lproj/Main.storyboard; sourceTree = "<group>"; };
		CE4D74F224C148EB00E8DA96 /* CoreDataTest.xcdatamodel */ = {isa = PBXFileReference; lastKnownFileType = wrapper.xcdatamodel; path = CoreDataTest.xcdatamodel; sourceTree = "<group>"; };
		CE4D74F424C148EE00E8DA96 /* Assets.xcassets */ = {isa = PBXFileReference; lastKnownFileType = folder.assetcatalog; path = Assets.xcassets; sourceTree = "<group>"; };
		CE4D74F724C148EE00E8DA96 /* Base */ = {isa = PBXFileReference; lastKnownFileType = file.storyboard; name = Base; path = Base.lproj/LaunchScreen.storyboard; sourceTree = "<group>"; };
		CE4D74F924C148EE00E8DA96 /* Info.plist */ = {isa = PBXFileReference; lastKnownFileType = text.plist.xml; path = Info.plist; sourceTree = "<group>"; };
/* End PBXFileReference section */

/* Begin PBXFrameworksBuildPhase section */
		CE4D74E224C148EB00E8DA96 /* Frameworks */ = {
			isa = PBXFrameworksBuildPhase;
			buildActionMask = 2147483647;
			files = (
			);
			runOnlyForDeploymentPostprocessing = 0;
		};
/* End PBXFrameworksBuildPhase section */

/* Begin PBXGroup section */
		CE4D74DC24C148EB00E8DA96 = {
			isa = PBXGroup;
			children = (
				CE4D74E724C148EB00E8DA96 /* CoreDataTest */,
				CE4D74E624C148EB00E8DA96 /* Products */,
			);
			sourceTree = "<group>";
		};
		CE4D74E624C148EB00E8DA96 /* Products */ = {
			isa = PBXGroup;
			children = (
				CE4D74E524C148EB00E8DA96 /* CoreDataTest.app */,
			);
			name = Products;
			sourceTree = "<group>";
		};
		CE4D74E724C148EB00E8DA96 /* CoreDataTest */ = {
			isa = PBXGroup;
			children = (
				CE4D74E824C148EB00E8DA96 /* AppDelegate.swift */,
				CE4D74EA24C148EB00E8DA96 /* SceneDelegate.swift */,
				CE4D74EC24C148EB00E8DA96 /* ViewController.swift */,
				CE4D74EE24C148EB00E8DA96 /* Main.storyboard */,
				CE4D74F424C148EE00E8DA96 /* Assets.xcassets */,
				CE4D74F624C148EE00E8DA96 /* LaunchScreen.storyboard */,
				CE4D74F924C148EE00E8DA96 /* Info.plist */,
				CE4D74F124C148EB00E8DA96 /* CoreDataTest.xcdatamodeld */,
			);
			path = CoreDataTest;
			sourceTree = "<group>";
		};
/* End PBXGroup section */

/* Begin PBXNativeTarget section */
		CE4D74E424C148EB00E8DA96 /* CoreDataTest */ = {
			isa = PBXNativeTarget;
			buildConfigurationList = CE4D74FC24C148EE00E8DA96 /* Build configuration list for PBXNativeTarget "CoreDataTest" */;
			buildPhases = (
				CE4D74E124C148EB00E8DA96 /* Sources */,
				CE4D74E224C148EB00E8DA96 /* Frameworks */,
				CE4D74E324C148EB00E8DA96 /* Resources */,
			);
			buildRules = (
			);
			dependencies = (
			);
			name = CoreDataTest;
			productName = CoreDataTest;
			productReference = CE4D74E524C148EB00E8DA96 /* CoreDataTest.app */;
			productType = "com.apple.product-type.application";
		};
/* End PBXNativeTarget section */

/* Begin PBXProject section */
		CE4D74DD24C148EB00E8DA96 /* Project object */ = {
			isa = PBXProject;
			attributes = {
				LastSwiftUpdateCheck = 1150;
				LastUpgradeCheck = 1150;
				ORGANIZATIONNAME = "Pedro Ivo de Faria Ramos";
				TargetAttributes = {
					CE4D74E424C148EB00E8DA96 = {
						CreatedOnToolsVersion = 11.5;
					};
				};
			};
			buildConfigurationList = CE4D74E024C148EB00E8DA96 /* Build configuration list for PBXProject "CoreDataTest" */;
			compatibilityVersion = "Xcode 9.3";
			developmentRegion = en;
			hasScannedForEncodings = 0;
			knownRegions = (
				en,
				Base,
			);
			mainGroup = CE4D74DC24C148EB00E8DA96;
			productRefGroup = CE4D74E624C148EB00E8DA96 /* Products */;
			projectDirPath = "";
			projectRoot = "";
			targets = (
				CE4D74E424C148EB00E8DA96 /* CoreDataTest */,
			);
		};
/* End PBXProject section */

/* Begin PBXResourcesBuildPhase section */
		CE4D74E324C148EB00E8DA96 /* Resources */ = {
			isa = PBXResourcesBuildPhase;
			buildActionMask = 2147483647;
			files = (
				CE4D74F824C148EE00E8DA96 /* LaunchScreen.storyboard in Resources */,
				CE4D74F524C148EE00E8DA96 /* Assets.xcassets in Resources */,
				CE4D74F024C148EB00E8DA96 /* Main.storyboard in Resources */,
			);
			runOnlyForDeploymentPostprocessing = 0;
		};
/* End PBXResourcesBuildPhase section */

/* Begin PBXSourcesBuildPhase section */
		CE4D74E124C148EB00E8DA96 /* Sources */ = {
			isa = PBXSourcesBuildPhase;
			buildActionMask = 2147483647;
			files = (
				CE4D74F324C148EB00E8DA96 /* CoreDataTest.xcdatamodeld in Sources */,
				CE4D74ED24C148EB00E8DA96 /* ViewController.swift in Sources */,
				CE4D74E924C148EB00E8DA96 /* AppDelegate.swift in Sources */,
				CE4D74EB24C148EB00E8DA96 /* SceneDelegate.swift in Sources */,
			);
			runOnlyForDeploymentPostprocessing = 0;
		};
/* End PBXSourcesBuildPhase section */

/* Begin PBXVariantGroup section */
		CE4D74EE24C148EB00E8DA96 /* Main.storyboard */ = {
			isa = PBXVariantGroup;
			children = (
				CE4D74EF24C148EB00E8DA96 /* Base */,
			);
			name = Main.storyboard;
			sourceTree = "<group>";
		};
		CE4D74F624C148EE00E8DA96 /* LaunchScreen.storyboard */ = {
			isa = PBXVariantGroup;
			children = (
				CE4D74F724C148EE00E8DA96 /* Base */,
			);
			name = LaunchScreen.storyboard;
			sourceTree = "<group>";
		};
/* End PBXVariantGroup section */

/* Begin XCBuildConfiguration section */
		CE4D74FA24C148EE00E8DA96 /* Debug */ = {
			isa = XCBuildConfiguration;
			buildSettings = {
				ALWAYS_SEARCH_USER_PATHS = NO;
				CLANG_ANALYZER_NONNULL = YES;
				CLANG_ANALYZER_NUMBER_OBJECT_CONVERSION = YES_AGGRESSIVE;
				CLANG_CXX_LANGUAGE_STANDARD = "gnu++14";
				CLANG_CXX_LIBRARY = "libc++";
				CLANG_ENABLE_MODULES = YES;
				CLANG_ENABLE_OBJC_ARC = YES;
				CLANG_ENABLE_OBJC_WEAK = YES;
				CLANG_WARN_BLOCK_CAPTURE_AUTORELEASING = YES;
				CLANG_WARN_BOOL_CONVERSION = YES;
				CLANG_WARN_COMMA = YES;
				CLANG_WARN_CONSTANT_CONVERSION = YES;
				CLANG_WARN_DEPRECATED_OBJC_IMPLEMENTATIONS = YES;
				CLANG_WARN_DIRECT_OBJC_ISA_USAGE = YES_ERROR;
				CLANG_WARN_DOCUMENTATION_COMMENTS = YES;
				CLANG_WARN_EMPTY_BODY = YES;
				CLANG_WARN_ENUM_CONVERSION = YES;
				CLANG_WARN_INFINITE_RECURSION = YES;
				CLANG_WARN_INT_CONVERSION = YES;
				CLANG_WARN_NON_LITERAL_NULL_CONVERSION = YES;
				CLANG_WARN_OBJC_IMPLICIT_RETAIN_SELF = YES;
				CLANG_WARN_OBJC_LITERAL_CONVERSION = YES;
				CLANG_WARN_OBJC_ROOT_CLASS = YES_ERROR;
				CLANG_WARN_RANGE_LOOP_ANALYSIS = YES;
				CLANG_WARN_STRICT_PROTOTYPES = YES;
				CLANG_WARN_SUSPICIOUS_MOVE = YES;
				CLANG_WARN_UNGUARDED_AVAILABILITY = YES_AGGRESSIVE;
				CLANG_WARN_UNREACHABLE_CODE = YES;
				CLANG_WARN__DUPLICATE_METHOD_MATCH = YES;
				COPY_PHASE_STRIP = NO;
				DEBUG_INFORMATION_FORMAT = dwarf;
				ENABLE_STRICT_OBJC_MSGSEND = YES;
				ENABLE_TESTABILITY = YES;
				GCC_C_LANGUAGE_STANDARD = gnu11;
				GCC_DYNAMIC_NO_PIC = NO;
				GCC_NO_COMMON_BLOCKS = YES;
				GCC_OPTIMIZATION_LEVEL = 0;
				GCC_PREPROCESSOR_DEFINITIONS = (
					"DEBUG=1",
					"$(inherited)",
				);
				GCC_WARN_64_TO_32_BIT_CONVERSION = YES;
				GCC_WARN_ABOUT_RETURN_TYPE = YES_ERROR;
				GCC_WARN_UNDECLARED_SELECTOR = YES;
				GCC_WARN_UNINITIALIZED_AUTOS = YES_AGGRESSIVE;
				GCC_WARN_UNUSED_FUNCTION = YES;
				GCC_WARN_UNUSED_VARIABLE = YES;
				IPHONEOS_DEPLOYMENT_TARGET = 13.5;
				MTL_ENABLE_DEBUG_INFO = INCLUDE_SOURCE;
				MTL_FAST_MATH = YES;
				ONLY_ACTIVE_ARCH = YES;
				SDKROOT = iphoneos;
				SWIFT_ACTIVE_COMPILATION_CONDITIONS = DEBUG;
				SWIFT_OPTIMIZATION_LEVEL = "-Onone";
			};
			name = Debug;
		};
		CE4D74FB24C148EE00E8DA96 /* Release */ = {
			isa = XCBuildConfiguration;
			buildSettings = {
				ALWAYS_SEARCH_USER_PATHS = NO;
				CLANG_ANALYZER_NONNULL = YES;
				CLANG_ANALYZER_NUMBER_OBJECT_CONVERSION = YES_AGGRESSIVE;
				CLANG_CXX_LANGUAGE_STANDARD = "gnu++14";
				CLANG_CXX_LIBRARY = "libc++";
				CLANG_ENABLE_MODULES = YES;
				CLANG_ENABLE_OBJC_ARC = YES;
				CLANG_ENABLE_OBJC_WEAK = YES;
				CLANG_WARN_BLOCK_CAPTURE_AUTORELEASING = YES;
				CLANG_WARN_BOOL_CONVERSION = YES;
				CLANG_WARN_COMMA = YES;
				CLANG_WARN_CONSTANT_CONVERSION = YES;
				CLANG_WARN_DEPRECATED_OBJC_IMPLEMENTATIONS = YES;
				CLANG_WARN_DIRECT_OBJC_ISA_USAGE = YES_ERROR;
				CLANG_WARN_DOCUMENTATION_COMMENTS = YES;
				CLANG_WARN_EMPTY_BODY = YES;
				CLANG_WARN_ENUM_CONVERSION = YES;
				CLANG_WARN_INFINITE_RECURSION = YES;
				CLANG_WARN_INT_CONVERSION = YES;
				CLANG_WARN_NON_LITERAL_NULL_CONVERSION = YES;
				CLANG_WARN_OBJC_IMPLICIT_RETAIN_SELF = YES;
				CLANG_WARN_OBJC_LITERAL_CONVERSION = YES;
				CLANG_WARN_OBJC_ROOT_CLASS = YES_ERROR;
				CLANG_WARN_RANGE_LOOP_ANALYSIS = YES;
				CLANG_WARN_STRICT_PROTOTYPES = YES;
				CLANG_WARN_SUSPICIOUS_MOVE = YES;
				CLANG_WARN_UNGUARDED_AVAILABILITY = YES_AGGRESSIVE;
				CLANG_WARN_UNREACHABLE_CODE = YES;
				CLANG_WARN__DUPLICATE_METHOD_MATCH = YES;
				COPY_PHASE_STRIP = NO;
				DEBUG_INFORMATION_FORMAT = "dwarf-with-dsym";
				ENABLE_NS_ASSERTIONS = NO;
				ENABLE_STRICT_OBJC_MSGSEND = YES;
				GCC_C_LANGUAGE_STANDARD = gnu11;
				GCC_NO_COMMON_BLOCKS = YES;
				GCC_WARN_64_TO_32_BIT_CONVERSION = YES;
				GCC_WARN_ABOUT_RETURN_TYPE = YES_ERROR;
				GCC_WARN_UNDECLARED_SELECTOR = YES;
				GCC_WARN_UNINITIALIZED_AUTOS = YES_AGGRESSIVE;
				GCC_WARN_UNUSED_FUNCTION = YES;
				GCC_WARN_UNUSED_VARIABLE = YES;
				IPHONEOS_DEPLOYMENT_TARGET = 13.5;
				MTL_ENABLE_DEBUG_INFO = NO;
				MTL_FAST_MATH = YES;
				SDKROOT = iphoneos;
				SWIFT_COMPILATION_MODE = wholemodule;
				SWIFT_OPTIMIZATION_LEVEL = "-O";
				VALIDATE_PRODUCT = YES;
			};
			name = Release;
		};
		CE4D74FD24C148EE00E8DA96 /* Debug */ = {
			isa = XCBuildConfiguration;
			buildSettings = {
				ASSETCATALOG_COMPILER_APPICON_NAME = AppIcon;
				CODE_SIGN_STYLE = Automatic;
				INFOPLIST_FILE = CoreDataTest/Info.plist;
				LD_RUNPATH_SEARCH_PATHS = (
					"$(inherited)",
					"@executable_path/Frameworks",
				);
				PRODUCT_BUNDLE_IDENTIFIER = pedroivo.CoreDataTest;
				PRODUCT_NAME = "$(TARGET_NAME)";
				SWIFT_VERSION = 5.0;
				TARGETED_DEVICE_FAMILY = "1,2";
			};
			name = Debug;
		};
		CE4D74FE24C148EE00E8DA96 /* Release */ = {
			isa = XCBuildConfiguration;
			buildSettings = {
				ASSETCATALOG_COMPILER_APPICON_NAME = AppIcon;
				CODE_SIGN_STYLE = Automatic;
				INFOPLIST_FILE = CoreDataTest/Info.plist;
				LD_RUNPATH_SEARCH_PATHS = (
					"$(inherited)",
					"@executable_path/Frameworks",
				);
				PRODUCT_BUNDLE_IDENTIFIER = pedroivo.CoreDataTest;
				PRODUCT_NAME = "$(TARGET_NAME)";
				SWIFT_VERSION = 5.0;
				TARGETED_DEVICE_FAMILY = "1,2";
			};
			name = Release;
		};
/* End XCBuildConfiguration section */

/* Begin XCConfigurationList section */
		CE4D74E024C148EB00E8DA96 /* Build configuration list for PBXProject "CoreDataTest" */ = {
			isa = XCConfigurationList;
			buildConfigurations = (
				CE4D74FA24C148EE00E8DA96 /* Debug */,
				CE4D74FB24C148EE00E8DA96 /* Release */,
			);
			defaultConfigurationIsVisible = 0;
			defaultConfigurationName = Release;
		};
		CE4D74FC24C148EE00E8DA96 /* Build configuration list for PBXNativeTarget "CoreDataTest" */ = {
			isa = XCConfigurationList;
			buildConfigurations = (
				CE4D74FD24C148EE00E8DA96 /* Debug */,
				CE4D74FE24C148EE00E8DA96 /* Release */,
			);
			defaultConfigurationIsVisible = 0;
			defaultConfigurationName = Release;
		};
/* End XCConfigurationList section */

/* Begin XCVersionGroup section */
		CE4D74F124C148EB00E8DA96 /* CoreDataTest.xcdatamodeld */ = {
			isa = XCVersionGroup;
			children = (
				CE4D74F224C148EB00E8DA96 /* CoreDataTest.xcdatamodel */,
			);
			currentVersion = CE4D74F224C148EB00E8DA96 /* CoreDataTest.xcdatamodel */;
			path = CoreDataTest.xcdatamodeld;
			sourceTree = "<group>";
			versionGroupType = wrapper.xcdatamodel;
		};
/* End XCVersionGroup section */
	};
	rootObject = CE4D74DD24C148EB00E8DA96 /* Project object */;
}
